
Microsoft Visual Studio Solution File, Format Version 12.00
# Visual Studio Version 17
VisualStudioVersion = 17.11.35327.3
MinimumVisualStudioVersion = 10.0.40219.1
Project("{8BC9CEB8-8B4A-11D0-8D11-00A0C91BC942}") = "Exercise", "Exercise\Exercise.vcxproj", "{272D8FEC-8711-4990-81EF-7FBF608814CB}"
EndProject
Global
	GlobalSection(SolutionConfigurationPlatforms) = preSolution
		Debug|x64 = Debug|x64
		Debug|x86 = Debug|x86
		Release|x64 = Release|x64
		Release|x86 = Release|x86
	EndGlobalSection
	GlobalSection(ProjectConfigurationPlatforms) = postSolution
		{272D8FEC-8711-4990-81EF-7FBF608814CB}.Debug|x64.ActiveCfg = Debug|x64
		{272D8FEC-8711-4990-81EF-7FBF608814CB}.Debug|x64.Build.0 = Debug|x64
		{272D8FEC-8711-4990-81EF-7FBF608814CB}.Debug|x86.ActiveCfg = Debug|Win32
		{272D8FEC-8711-4990-81EF-7FBF608814CB}.Debug|x86.Build.0 = Debug|Win32
		{272D8FEC-8711-4990-81EF-7FBF608814CB}.Release|x64.ActiveCfg = Release|x64
		{272D8FEC-8711-4990-81EF-7FBF608814CB}.Release|x64.Build.0 = Release|x64
		{272D8FEC-8711-4990-81EF-7FBF608814CB}.Release|x86.ActiveCfg = Release|Win32
		{272D8FEC-8711-4990-81EF-7FBF608814CB}.Release|x86.Build.0 = Release|Win32
	EndGlobalSection
	GlobalSection(SolutionProperties) = preSolution
		HideSolutionNode = FALSE
	EndGlobalSection
	GlobalSection(ExtensibilityGlobals) = postSolution
		SolutionGuid = {C40B22E4-6A1A-4A3C-AEE5-9074C5588775}
	EndGlobalSection
EndGlobal
